
Microsoft Visual Studio Solution File, Format Version 12.00
# Visual Studio Version 17
VisualStudioVersion = 17.6.33815.320
MinimumVisualStudioVersion = 10.0.40219.1
Project("{FAE04EC0-301F-11D3-BF4B-00C04F79EFBC}") = "PlayChecker", "PlayChecker\PlayChecker.csproj", "{2282975B-D078-4603-BFF6-03C5B90BEEA9}"
EndProject
Global
	GlobalSection(SolutionConfigurationPlatforms) = preSolution
		Debug|Any CPU = Debug|Any CPU
		Release|Any CPU = Release|Any CPU
	EndGlobalSection
	GlobalSection(ProjectConfigurationPlatforms) = postSolution
		{2282975B-D078-4603-BFF6-03C5B90BEEA9}.Debug|Any CPU.ActiveCfg = Debug|Any CPU
		{2282975B-D078-4603-BFF6-03C5B90BEEA9}.Debug|Any CPU.Build.0 = Debug|Any CPU
		{2282975B-D078-4603-BFF6-03C5B90BEEA9}.Release|Any CPU.ActiveCfg = Release|Any CPU
		{2282975B-D078-4603-BFF6-03C5B90BEEA9}.Release|Any CPU.Build.0 = Release|Any CPU
	EndGlobalSection
	GlobalSection(SolutionProperties) = preSolution
		HideSolutionNode = FALSE
	EndGlobalSection
	GlobalSection(ExtensibilityGlobals) = postSolution
		SolutionGuid = {FDBA002E-C8C3-402B-B160-55F56EFDCE4D}
	EndGlobalSection
EndGlobal
